
Microsoft Visual Studio Solution File, Format Version 12.00
# Visual Studio 15
VisualStudioVersion = 15.0.28010.2048
MinimumVisualStudioVersion = 10.0.40219.1
Project("{8BC9CEB8-8B4A-11D0-8D11-00A0C91BC942}") = "136_只出现一次的数字", "136_只出现一次的数字.vcxproj", "{D37D901B-3939-4BF4-80F2-1551B3F24BF2}"
EndProject
Global
	GlobalSection(SolutionConfigurationPlatforms) = preSolution
		Debug|x64 = Debug|x64
		Debug|x86 = Debug|x86
		Release|x64 = Release|x64
		Release|x86 = Release|x86
	EndGlobalSection
	GlobalSection(ProjectConfigurationPlatforms) = postSolution
		{D37D901B-3939-4BF4-80F2-1551B3F24BF2}.Debug|x64.ActiveCfg = Debug|x64
		{D37D901B-3939-4BF4-80F2-1551B3F24BF2}.Debug|x64.Build.0 = Debug|x64
		{D37D901B-3939-4BF4-80F2-1551B3F24BF2}.Debug|x86.ActiveCfg = Debug|Win32
		{D37D901B-3939-4BF4-80F2-1551B3F24BF2}.Debug|x86.Build.0 = Debug|Win32
		{D37D901B-3939-4BF4-80F2-1551B3F24BF2}.Release|x64.ActiveCfg = Release|x64
		{D37D901B-3939-4BF4-80F2-1551B3F24BF2}.Release|x64.Build.0 = Release|x64
		{D37D901B-3939-4BF4-80F2-1551B3F24BF2}.Release|x86.ActiveCfg = Release|Win32
		{D37D901B-3939-4BF4-80F2-1551B3F24BF2}.Release|x86.Build.0 = Release|Win32
	EndGlobalSection
	GlobalSection(SolutionProperties) = preSolution
		HideSolutionNode = FALSE
	EndGlobalSection
	GlobalSection(ExtensibilityGlobals) = postSolution
		SolutionGuid = {D00B0433-C1F3-4DBB-A441-A0A6D901D31B}
	EndGlobalSection
EndGlobal
