
Microsoft Visual Studio Solution File, Format Version 12.00
# Visual Studio 15
VisualStudioVersion = 15.0.28010.2048
MinimumVisualStudioVersion = 10.0.40219.1
Project("{8BC9CEB8-8B4A-11D0-8D11-00A0C91BC942}") = "027_ 移除元素", "027_ 移除元素.vcxproj", "{03500192-B7C6-4DC6-B08D-E3F59E939623}"
EndProject
Global
	GlobalSection(SolutionConfigurationPlatforms) = preSolution
		Debug|x64 = Debug|x64
		Debug|x86 = Debug|x86
		Release|x64 = Release|x64
		Release|x86 = Release|x86
	EndGlobalSection
	GlobalSection(ProjectConfigurationPlatforms) = postSolution
		{03500192-B7C6-4DC6-B08D-E3F59E939623}.Debug|x64.ActiveCfg = Debug|x64
		{03500192-B7C6-4DC6-B08D-E3F59E939623}.Debug|x64.Build.0 = Debug|x64
		{03500192-B7C6-4DC6-B08D-E3F59E939623}.Debug|x86.ActiveCfg = Debug|Win32
		{03500192-B7C6-4DC6-B08D-E3F59E939623}.Debug|x86.Build.0 = Debug|Win32
		{03500192-B7C6-4DC6-B08D-E3F59E939623}.Release|x64.ActiveCfg = Release|x64
		{03500192-B7C6-4DC6-B08D-E3F59E939623}.Release|x64.Build.0 = Release|x64
		{03500192-B7C6-4DC6-B08D-E3F59E939623}.Release|x86.ActiveCfg = Release|Win32
		{03500192-B7C6-4DC6-B08D-E3F59E939623}.Release|x86.Build.0 = Release|Win32
	EndGlobalSection
	GlobalSection(SolutionProperties) = preSolution
		HideSolutionNode = FALSE
	EndGlobalSection
	GlobalSection(ExtensibilityGlobals) = postSolution
		SolutionGuid = {569D5B0A-6EA3-4C7B-90F0-720F80117E08}
	EndGlobalSection
EndGlobal
